
Microsoft Visual Studio Solution File, Format Version 12.00
# Visual Studio Version 16
VisualStudioVersion = 16.0.30104.148
MinimumVisualStudioVersion = 10.0.40219.1
Project("{9A19103F-16F7-4668-BE54-9A1E7A4F7556}") = "YH.ASM.Web", "YH.ASM.Web\YH.ASM.Web.csproj", "{C3F40BA5-F8E3-43D5-B365-9C1AA1D6DE8C}"
EndProject
Project("{FAE04EC0-301F-11D3-BF4B-00C04F79EFBC}") = "YH.ASM.SSO", "YH.ASM.SSO\YH.ASM.SSO.csproj", "{B2AB860B-25D0-4590-ADE9-B00942D67DDE}"
EndProject
Global
	GlobalSection(SolutionConfigurationPlatforms) = preSolution
		Debug|Any CPU = Debug|Any CPU
		Release|Any CPU = Release|Any CPU
	EndGlobalSection
	GlobalSection(ProjectConfigurationPlatforms) = postSolution
		{C3F40BA5-F8E3-43D5-B365-9C1AA1D6DE8C}.Debug|Any CPU.ActiveCfg = Debug|Any CPU
		{C3F40BA5-F8E3-43D5-B365-9C1AA1D6DE8C}.Debug|Any CPU.Build.0 = Debug|Any CPU
		{C3F40BA5-F8E3-43D5-B365-9C1AA1D6DE8C}.Release|Any CPU.ActiveCfg = Release|Any CPU
		{C3F40BA5-F8E3-43D5-B365-9C1AA1D6DE8C}.Release|Any CPU.Build.0 = Release|Any CPU
		{B2AB860B-25D0-4590-ADE9-B00942D67DDE}.Debug|Any CPU.ActiveCfg = Debug|Any CPU
		{B2AB860B-25D0-4590-ADE9-B00942D67DDE}.Debug|Any CPU.Build.0 = Debug|Any CPU
		{B2AB860B-25D0-4590-ADE9-B00942D67DDE}.Release|Any CPU.ActiveCfg = Release|Any CPU
		{B2AB860B-25D0-4590-ADE9-B00942D67DDE}.Release|Any CPU.Build.0 = Release|Any CPU
	EndGlobalSection
	GlobalSection(SolutionProperties) = preSolution
		HideSolutionNode = FALSE
	EndGlobalSection
	GlobalSection(ExtensibilityGlobals) = postSolution
		SolutionGuid = {0967FE7F-21C3-47CE-8662-0195FC455FA5}
	EndGlobalSection
EndGlobal
