
Microsoft Visual Studio Solution File, Format Version 12.00
# Visual Studio Version 16
VisualStudioVersion = 16.0.30104.148
MinimumVisualStudioVersion = 10.0.40219.1
Project("{9A19103F-16F7-4668-BE54-9A1E7A4F7556}") = "YH.ASM.Web", "YH.ASM.Web\YH.ASM.Web.csproj", "{C3F40BA5-F8E3-43D5-B365-9C1AA1D6DE8C}"
EndProject
Project("{9A19103F-16F7-4668-BE54-9A1E7A4F7556}") = "YH.ASM.Entites", "YH.ASM.Entites\YH.ASM.Entites.csproj", "{9D8A5CC2-B864-44AC-9F7A-C7F246E84E2D}"
EndProject
Project("{9A19103F-16F7-4668-BE54-9A1E7A4F7556}") = "YH.ASM.Facade", "YH.ASM.Facade\YH.ASM.Facade.csproj", "{16CDFAA9-546B-4BE5-A32A-FD1091347D58}"
EndProject
Project("{9A19103F-16F7-4668-BE54-9A1E7A4F7556}") = "YH.ASM.DataAccess", "YH.ASM.DataAccess\YH.ASM.DataAccess.csproj", "{D2FCCBD7-455D-42BD-9117-36F1CDC1D269}"
EndProject
Project("{FAE04EC0-301F-11D3-BF4B-00C04F79EFBC}") = "YH.ASM.PushService", "YH.ASM.PushService\YH.ASM.PushService.csproj", "{6F9608D1-CA25-48DB-874B-B2304A1A248F}"
EndProject
Project("{FAE04EC0-301F-11D3-BF4B-00C04F79EFBC}") = "YH.ASM.ImportApp", "YH.ASM.ImportApp\YH.ASM.ImportApp.csproj", "{58F3C1D2-A367-4088-AC30-C205B45D50A4}"
EndProject
Project("{FAE04EC0-301F-11D3-BF4B-00C04F79EFBC}") = "YH.ASM.ImpHistory", "YH.ASM.ImpHistory\YH.ASM.ImpHistory.csproj", "{D30D871B-C343-4965-B876-62E2E7C899CA}"
EndProject
Global
	GlobalSection(SolutionConfigurationPlatforms) = preSolution
		Debug|Any CPU = Debug|Any CPU
		Release|Any CPU = Release|Any CPU
	EndGlobalSection
	GlobalSection(ProjectConfigurationPlatforms) = postSolution
		{C3F40BA5-F8E3-43D5-B365-9C1AA1D6DE8C}.Debug|Any CPU.ActiveCfg = Debug|Any CPU
		{C3F40BA5-F8E3-43D5-B365-9C1AA1D6DE8C}.Debug|Any CPU.Build.0 = Debug|Any CPU
		{C3F40BA5-F8E3-43D5-B365-9C1AA1D6DE8C}.Release|Any CPU.ActiveCfg = Release|Any CPU
		{C3F40BA5-F8E3-43D5-B365-9C1AA1D6DE8C}.Release|Any CPU.Build.0 = Release|Any CPU
		{9D8A5CC2-B864-44AC-9F7A-C7F246E84E2D}.Debug|Any CPU.ActiveCfg = Debug|Any CPU
		{9D8A5CC2-B864-44AC-9F7A-C7F246E84E2D}.Debug|Any CPU.Build.0 = Debug|Any CPU
		{9D8A5CC2-B864-44AC-9F7A-C7F246E84E2D}.Release|Any CPU.ActiveCfg = Release|Any CPU
		{9D8A5CC2-B864-44AC-9F7A-C7F246E84E2D}.Release|Any CPU.Build.0 = Release|Any CPU
		{16CDFAA9-546B-4BE5-A32A-FD1091347D58}.Debug|Any CPU.ActiveCfg = Debug|Any CPU
		{16CDFAA9-546B-4BE5-A32A-FD1091347D58}.Debug|Any CPU.Build.0 = Debug|Any CPU
		{16CDFAA9-546B-4BE5-A32A-FD1091347D58}.Release|Any CPU.ActiveCfg = Release|Any CPU
		{16CDFAA9-546B-4BE5-A32A-FD1091347D58}.Release|Any CPU.Build.0 = Release|Any CPU
		{D2FCCBD7-455D-42BD-9117-36F1CDC1D269}.Debug|Any CPU.ActiveCfg = Debug|Any CPU
		{D2FCCBD7-455D-42BD-9117-36F1CDC1D269}.Debug|Any CPU.Build.0 = Debug|Any CPU
		{D2FCCBD7-455D-42BD-9117-36F1CDC1D269}.Release|Any CPU.ActiveCfg = Release|Any CPU
		{D2FCCBD7-455D-42BD-9117-36F1CDC1D269}.Release|Any CPU.Build.0 = Release|Any CPU
		{6F9608D1-CA25-48DB-874B-B2304A1A248F}.Debug|Any CPU.ActiveCfg = Debug|Any CPU
		{6F9608D1-CA25-48DB-874B-B2304A1A248F}.Debug|Any CPU.Build.0 = Debug|Any CPU
		{6F9608D1-CA25-48DB-874B-B2304A1A248F}.Release|Any CPU.ActiveCfg = Release|Any CPU
		{6F9608D1-CA25-48DB-874B-B2304A1A248F}.Release|Any CPU.Build.0 = Release|Any CPU
		{58F3C1D2-A367-4088-AC30-C205B45D50A4}.Debug|Any CPU.ActiveCfg = Debug|Any CPU
		{58F3C1D2-A367-4088-AC30-C205B45D50A4}.Debug|Any CPU.Build.0 = Debug|Any CPU
		{58F3C1D2-A367-4088-AC30-C205B45D50A4}.Release|Any CPU.ActiveCfg = Release|Any CPU
		{58F3C1D2-A367-4088-AC30-C205B45D50A4}.Release|Any CPU.Build.0 = Release|Any CPU
		{D30D871B-C343-4965-B876-62E2E7C899CA}.Debug|Any CPU.ActiveCfg = Debug|Any CPU
		{D30D871B-C343-4965-B876-62E2E7C899CA}.Debug|Any CPU.Build.0 = Debug|Any CPU
		{D30D871B-C343-4965-B876-62E2E7C899CA}.Release|Any CPU.ActiveCfg = Release|Any CPU
		{D30D871B-C343-4965-B876-62E2E7C899CA}.Release|Any CPU.Build.0 = Release|Any CPU
	EndGlobalSection
	GlobalSection(SolutionProperties) = preSolution
		HideSolutionNode = FALSE
	EndGlobalSection
	GlobalSection(ExtensibilityGlobals) = postSolution
		SolutionGuid = {0967FE7F-21C3-47CE-8662-0195FC455FA5}
	EndGlobalSection
EndGlobal
